{
  "version": 4,
  "terraform_version": "1.11.4",
  "serial": 32,
  "lineage": "0e193a9b-6dc0-3d17-de86-b5e7aad6fbc7",
  "outputs": {},
  "resources": [
    {
      "mode": "managed",
      "type": "databricks_pipeline",
      "name": "bronze_orders",
      "provider": "provider[\"registry.terraform.io/databricks/databricks\"]",
      "instances": [
        {
          "schema_version": 0,
          "attributes": {
            "allow_duplicate_names": false,
            "budget_policy_id": null,
            "catalog": "realtime_streaming",
            "cause": null,
            "channel": "CURRENT",
            "cluster": [
              {
                "apply_policy_default_values": false,
                "autoscale": [],
                "aws_attributes": [],
                "azure_attributes": [],
                "cluster_log_conf": [],
                "custom_tags": {},
                "driver_instance_pool_id": "",
                "driver_node_type_id": "",
                "enable_local_disk_encryption": false,
                "gcp_attributes": [],
                "init_scripts": [],
                "instance_pool_id": "",
                "label": "default",
                "node_type_id": "n2-standard-4",
                "num_workers": 1,
                "policy_id": "",
                "spark_conf": {
                  "data_security_mode": "SINGLE_USER",
                  "single_user_name": "adamg2609@gmail.com",
                  "spark.kafka.ssl.endpoint.identification.algorithm": "https"
                },
                "spark_env_vars": {},
                "ssh_public_keys": []
              }
            ],
            "cluster_id": "5901-000945-8afz1ylo",
            "configuration": {
              "kafka.topic": "purchase_event"
            },
            "continuous": true,
            "creator_user_name": "adamg2609@gmail.com",
            "deployment": [],
            "development": true,
            "edition": "ADVANCED",
            "environment": [],
            "event_log": [],
            "expected_last_modified": 0,
            "filters": [],
            "gateway_definition": [],
            "health": null,
            "id": "4a985e81-b351-405b-9fe4-194622109b18",
            "ingestion_definition": [],
            "last_modified": 1756686620013,
            "latest_updates": [
              {
                "creation_time": "2025-09-01T00:30:20.136Z",
                "state": "CREATED",
                "update_id": "72c93e18-3ba5-4feb-b7da-87378a5e53af"
              },
              {
                "creation_time": "2025-09-01T00:09:45.131Z",
                "state": "FAILED",
                "update_id": "6237db3c-1a06-4393-8d1c-3cf84e5fdcb8"
              }
            ],
            "library": [
              {
                "file": [
                  {
                    "path": "/Shared/dlt_bronze_orders.py"
                  }
                ],
                "glob": [],
                "jar": "",
                "maven": [],
                "notebook": [],
                "whl": ""
              }
            ],
            "name": "raw_orders",
            "notification": [],
            "photon": false,
            "restart_window": [],
            "root_path": null,
            "run_as": [],
            "run_as_user_name": "adamg2609@gmail.com",
            "schema": null,
            "serverless": false,
            "state": "RUNNING",
            "storage": null,
            "tags": null,
            "target": "ecommerce_data",
            "timeouts": null,
            "trigger": [],
            "url": "https://2169226715968422.2.gcp.databricks.com/#joblist/pipelines/4a985e81-b351-405b-9fe4-194622109b18"
          },
          "sensitive_attributes": [],
          "private": "eyJlMmJmYjczMC1lY2FhLTExZTYtOGY4OC0zNDM2M2JjN2M0YzAiOnsiY3JlYXRlIjoxMjAwMDAwMDAwMDAwLCJkZWZhdWx0IjoxMjAwMDAwMDAwMDAwLCJkZWxldGUiOjEyMDAwMDAwMDAwMDAsInJlYWQiOjEyMDAwMDAwMDAwMDAsInVwZGF0ZSI6MTIwMDAwMDAwMDAwMH19",
          "dependencies": [
            "databricks_schema.ecommerce_streaming",
            "databricks_workspace_file.dlt_bronze_orders"
          ]
        }
      ]
    },
    {
      "mode": "managed",
      "type": "databricks_schema",
      "name": "ecommerce_streaming",
      "provider": "provider[\"registry.terraform.io/databricks/databricks\"]",
      "instances": [
        {
          "schema_version": 0,
          "attributes": {
            "catalog_name": "realtime_streaming",
            "comment": "DLT Bronze, Silver, Gold",
            "enable_predictive_optimization": "INHERIT",
            "force_destroy": false,
            "id": "realtime_streaming.ecommerce_data",
            "metastore_id": "f4d8fb6c-8399-464a-a051-f3e157b49261",
            "name": "ecommerce_data",
            "owner": "adamg2609@gmail.com",
            "properties": null,
            "schema_id": "1de9e44a-1c20-4c78-9722-9af246404779",
            "storage_root": null
          },
          "sensitive_attributes": [],
          "private": "bnVsbA=="
        }
      ]
    },
    {
      "mode": "managed",
      "type": "databricks_secret",
      "name": "api_key",
      "provider": "provider[\"registry.terraform.io/databricks/databricks\"]",
      "instances": [
        {
          "schema_version": 0,
          "attributes": {
            "config_reference": "{{secrets/confluent/confluent_api_key}}",
            "id": "confluent|||confluent_api_key",
            "key": "confluent_api_key",
            "last_updated_timestamp": 1756682563710,
            "scope": "confluent",
            "string_value": "66TOKFFSSB2D64RP"
          },
          "sensitive_attributes": [
            [
              {
                "type": "get_attr",
                "value": "string_value"
              }
            ]
          ],
          "private": "bnVsbA==",
          "dependencies": [
            "databricks_secret_scope.confluent"
          ]
        }
      ]
    },
    {
      "mode": "managed",
      "type": "databricks_secret",
      "name": "api_secret",
      "provider": "provider[\"registry.terraform.io/databricks/databricks\"]",
      "instances": [
        {
          "schema_version": 0,
          "attributes": {
            "config_reference": "{{secrets/confluent/confluent_api_secret}}",
            "id": "confluent|||confluent_api_secret",
            "key": "confluent_api_secret",
            "last_updated_timestamp": 1756681914491,
            "scope": "confluent",
            "string_value": "cfltJ7f2Gy8lHa5NzBWh24nJOMZUccvcoBwEfzB//DjqLDp7AidFyn4Gh9VIzQ5Q"
          },
          "sensitive_attributes": [
            [
              {
                "type": "get_attr",
                "value": "string_value"
              }
            ]
          ],
          "private": "bnVsbA==",
          "dependencies": [
            "databricks_secret_scope.confluent"
          ]
        }
      ]
    },
    {
      "mode": "managed",
      "type": "databricks_secret",
      "name": "bootstrap",
      "provider": "provider[\"registry.terraform.io/databricks/databricks\"]",
      "instances": [
        {
          "schema_version": 0,
          "attributes": {
            "config_reference": "{{secrets/confluent/confluent_bootstrap}}",
            "id": "confluent|||confluent_bootstrap",
            "key": "confluent_bootstrap",
            "last_updated_timestamp": 1756680055171,
            "scope": "confluent",
            "string_value": "SASL_SSL://pkc-l6wr6.europe-west2.gcp.confluent.cloud:9092"
          },
          "sensitive_attributes": [
            [
              {
                "type": "get_attr",
                "value": "string_value"
              }
            ]
          ],
          "private": "bnVsbA==",
          "dependencies": [
            "databricks_secret_scope.confluent"
          ]
        }
      ]
    },
    {
      "mode": "managed",
      "type": "databricks_secret_scope",
      "name": "confluent",
      "provider": "provider[\"registry.terraform.io/databricks/databricks\"]",
      "instances": [
        {
          "schema_version": 2,
          "attributes": {
            "backend_type": "DATABRICKS",
            "id": "confluent",
            "initial_manage_principal": null,
            "keyvault_metadata": [],
            "name": "confluent"
          },
          "sensitive_attributes": [],
          "private": "eyJzY2hlbWFfdmVyc2lvbiI6IjIifQ=="
        }
      ]
    },
    {
      "mode": "managed",
      "type": "databricks_workspace_file",
      "name": "dlt_bronze_orders",
      "provider": "provider[\"registry.terraform.io/databricks/databricks\"]",
      "instances": [
        {
          "schema_version": 1,
          "attributes": {
            "content_base64": null,
            "id": "/Shared/dlt_bronze_orders.py",
            "md5": "e4d6afc1228ef6cee57d20431c049633",
            "object_id": 4178266532864162,
            "path": "/Shared/dlt_bronze_orders.py",
            "source": "/Users/adamworede/Documents/databricks_realtime_pipeline/pipeline/bronze_orders.py",
            "url": "https://2169226715968422.2.gcp.databricks.com/#workspace/Shared/dlt_bronze_orders.py",
            "workspace_path": "/Workspace/Shared/dlt_bronze_orders.py"
          },
          "sensitive_attributes": [
            [
              {
                "type": "get_attr",
                "value": "source"
              }
            ]
          ],
          "private": "eyJzY2hlbWFfdmVyc2lvbiI6IjEifQ=="
        }
      ]
    }
  ],
  "check_results": null
}
