{
  "version": 4,
  "terraform_version": "1.11.4",
  "serial": 9,
  "lineage": "0e193a9b-6dc0-3d17-de86-b5e7aad6fbc7",
  "outputs": {},
  "resources": [
    {
      "mode": "managed",
      "type": "databricks_schema",
      "name": "ecommerce_streaming",
      "provider": "provider[\"registry.terraform.io/databricks/databricks\"]",
      "instances": [
        {
          "schema_version": 0,
          "attributes": {
            "catalog_name": "realtime_streaming",
            "comment": "DLT Bronze, Silver, Gold",
            "enable_predictive_optimization": "INHERIT",
            "force_destroy": false,
            "id": "realtime_streaming.ecommerce_data",
            "metastore_id": "f4d8fb6c-8399-464a-a051-f3e157b49261",
            "name": "ecommerce_data",
            "owner": "adamg2609@gmail.com",
            "properties": null,
            "schema_id": "1de9e44a-1c20-4c78-9722-9af246404779",
            "storage_root": null
          },
          "sensitive_attributes": [],
          "private": "bnVsbA=="
        }
      ]
    }
  ],
  "check_results": null
}
